
Microsoft Visual Studio Solution File, Format Version 12.00
# Visual Studio Version 16
VisualStudioVersion = 16.0.30001.183
MinimumVisualStudioVersion = 10.0.40219.1
Project("{9A19103F-16F7-4668-BE54-9A1E7A4F7556}") = "PCController.Server", "Server\PCController.Server.csproj", "{10883185-E10C-4FFE-9FE3-B54AB871D7EB}"
EndProject
Project("{9A19103F-16F7-4668-BE54-9A1E7A4F7556}") = "PCController.Shared", "Shared\PCController.Shared.csproj", "{223B032F-A47F-4790-81A6-B7ED63910674}"
EndProject
Project("{FAE04EC0-301F-11D3-BF4B-00C04F79EFBC}") = "PCController.PWA.Server", "PCController.PWA\Server\PCController.PWA.Server.csproj", "{0404AEDE-B98C-4596-B330-139BD49E9D78}"
EndProject
Project("{FAE04EC0-301F-11D3-BF4B-00C04F79EFBC}") = "PCController.PWA.Client", "PCController.PWA\Client\PCController.PWA.Client.csproj", "{C50B6D4F-9533-4073-8466-E082AEFA9DA8}"
EndProject
Global
	GlobalSection(SolutionConfigurationPlatforms) = preSolution
		Debug|Any CPU = Debug|Any CPU
		Release|Any CPU = Release|Any CPU
	EndGlobalSection
	GlobalSection(ProjectConfigurationPlatforms) = postSolution
		{10883185-E10C-4FFE-9FE3-B54AB871D7EB}.Debug|Any CPU.ActiveCfg = Debug|Any CPU
		{10883185-E10C-4FFE-9FE3-B54AB871D7EB}.Debug|Any CPU.Build.0 = Debug|Any CPU
		{10883185-E10C-4FFE-9FE3-B54AB871D7EB}.Release|Any CPU.ActiveCfg = Release|Any CPU
		{10883185-E10C-4FFE-9FE3-B54AB871D7EB}.Release|Any CPU.Build.0 = Release|Any CPU
		{223B032F-A47F-4790-81A6-B7ED63910674}.Debug|Any CPU.ActiveCfg = Debug|Any CPU
		{223B032F-A47F-4790-81A6-B7ED63910674}.Debug|Any CPU.Build.0 = Debug|Any CPU
		{223B032F-A47F-4790-81A6-B7ED63910674}.Release|Any CPU.ActiveCfg = Release|Any CPU
		{223B032F-A47F-4790-81A6-B7ED63910674}.Release|Any CPU.Build.0 = Release|Any CPU
		{0404AEDE-B98C-4596-B330-139BD49E9D78}.Debug|Any CPU.ActiveCfg = Debug|Any CPU
		{0404AEDE-B98C-4596-B330-139BD49E9D78}.Debug|Any CPU.Build.0 = Debug|Any CPU
		{0404AEDE-B98C-4596-B330-139BD49E9D78}.Release|Any CPU.ActiveCfg = Release|Any CPU
		{0404AEDE-B98C-4596-B330-139BD49E9D78}.Release|Any CPU.Build.0 = Release|Any CPU
		{C50B6D4F-9533-4073-8466-E082AEFA9DA8}.Debug|Any CPU.ActiveCfg = Debug|Any CPU
		{C50B6D4F-9533-4073-8466-E082AEFA9DA8}.Debug|Any CPU.Build.0 = Debug|Any CPU
		{C50B6D4F-9533-4073-8466-E082AEFA9DA8}.Release|Any CPU.ActiveCfg = Release|Any CPU
		{C50B6D4F-9533-4073-8466-E082AEFA9DA8}.Release|Any CPU.Build.0 = Release|Any CPU
	EndGlobalSection
	GlobalSection(SolutionProperties) = preSolution
		HideSolutionNode = FALSE
	EndGlobalSection
	GlobalSection(ExtensibilityGlobals) = postSolution
		SolutionGuid = {B14D4A61-1717-470C-B5BC-C5C01839FD9E}
	EndGlobalSection
EndGlobal
