
Microsoft Visual Studio Solution File, Format Version 12.00
# Visual Studio Version 16
VisualStudioVersion = 16.0.30001.183
MinimumVisualStudioVersion = 10.0.40219.1
Project("{9A19103F-16F7-4668-BE54-9A1E7A4F7556}") = "PCController.Server", "Server\PCController.Server.csproj", "{10883185-E10C-4FFE-9FE3-B54AB871D7EB}"
EndProject
Project("{9A19103F-16F7-4668-BE54-9A1E7A4F7556}") = "PCController.Shared", "Shared\PCController.Shared.csproj", "{223B032F-A47F-4790-81A6-B7ED63910674}"
EndProject
Project("{FAE04EC0-301F-11D3-BF4B-00C04F79EFBC}") = "PCController.UWP", "PCController\PCController.UWP\PCController.UWP.csproj", "{ECB5A4B6-C894-4829-931A-AD8028DFD523}"
EndProject
Project("{FAE04EC0-301F-11D3-BF4B-00C04F79EFBC}") = "PCController.Android", "PCController\PCController.Android\PCController.Android.csproj", "{1DE3B93B-1882-4500-86F1-F4B278F6E1FF}"
EndProject
Project("{9A19103F-16F7-4668-BE54-9A1E7A4F7556}") = "PCController", "PCController\PCController\PCController.csproj", "{5A97B95D-7ACE-40F7-AABC-82AC295F6CBD}"
EndProject
Project("{2150E333-8FDC-42A3-9474-1A3956D46DE8}") = "MobileApp", "MobileApp", "{6777A93E-D913-46D8-B7A2-42B3DFEA3510}"
EndProject
Project("{2150E333-8FDC-42A3-9474-1A3956D46DE8}") = "Server", "Server", "{0A69B0E4-1ED8-4A6E-82CD-C62F9FA60853}"
EndProject
Project("{9A19103F-16F7-4668-BE54-9A1E7A4F7556}") = "PCController.Proxy", "PCController.Proxy\PCController.Proxy.csproj", "{76F1D213-536E-44AA-8706-475FD6AD32A9}"
EndProject
Global
	GlobalSection(SolutionConfigurationPlatforms) = preSolution
		Debug|Any CPU = Debug|Any CPU
		Debug|ARM = Debug|ARM
		Debug|ARM64 = Debug|ARM64
		Debug|x64 = Debug|x64
		Debug|x86 = Debug|x86
		Release|Any CPU = Release|Any CPU
		Release|ARM = Release|ARM
		Release|ARM64 = Release|ARM64
		Release|x64 = Release|x64
		Release|x86 = Release|x86
	EndGlobalSection
	GlobalSection(ProjectConfigurationPlatforms) = postSolution
		{10883185-E10C-4FFE-9FE3-B54AB871D7EB}.Debug|Any CPU.ActiveCfg = Debug|Any CPU
		{10883185-E10C-4FFE-9FE3-B54AB871D7EB}.Debug|Any CPU.Build.0 = Debug|Any CPU
		{10883185-E10C-4FFE-9FE3-B54AB871D7EB}.Debug|ARM.ActiveCfg = Debug|Any CPU
		{10883185-E10C-4FFE-9FE3-B54AB871D7EB}.Debug|ARM.Build.0 = Debug|Any CPU
		{10883185-E10C-4FFE-9FE3-B54AB871D7EB}.Debug|ARM64.ActiveCfg = Debug|Any CPU
		{10883185-E10C-4FFE-9FE3-B54AB871D7EB}.Debug|ARM64.Build.0 = Debug|Any CPU
		{10883185-E10C-4FFE-9FE3-B54AB871D7EB}.Debug|x64.ActiveCfg = Debug|Any CPU
		{10883185-E10C-4FFE-9FE3-B54AB871D7EB}.Debug|x64.Build.0 = Debug|Any CPU
		{10883185-E10C-4FFE-9FE3-B54AB871D7EB}.Debug|x86.ActiveCfg = Debug|Any CPU
		{10883185-E10C-4FFE-9FE3-B54AB871D7EB}.Debug|x86.Build.0 = Debug|Any CPU
		{10883185-E10C-4FFE-9FE3-B54AB871D7EB}.Release|Any CPU.ActiveCfg = Release|Any CPU
		{10883185-E10C-4FFE-9FE3-B54AB871D7EB}.Release|Any CPU.Build.0 = Release|Any CPU
		{10883185-E10C-4FFE-9FE3-B54AB871D7EB}.Release|ARM.ActiveCfg = Release|Any CPU
		{10883185-E10C-4FFE-9FE3-B54AB871D7EB}.Release|ARM.Build.0 = Release|Any CPU
		{10883185-E10C-4FFE-9FE3-B54AB871D7EB}.Release|ARM64.ActiveCfg = Release|Any CPU
		{10883185-E10C-4FFE-9FE3-B54AB871D7EB}.Release|ARM64.Build.0 = Release|Any CPU
		{10883185-E10C-4FFE-9FE3-B54AB871D7EB}.Release|x64.ActiveCfg = Release|Any CPU
		{10883185-E10C-4FFE-9FE3-B54AB871D7EB}.Release|x64.Build.0 = Release|Any CPU
		{10883185-E10C-4FFE-9FE3-B54AB871D7EB}.Release|x86.ActiveCfg = Release|Any CPU
		{10883185-E10C-4FFE-9FE3-B54AB871D7EB}.Release|x86.Build.0 = Release|Any CPU
		{223B032F-A47F-4790-81A6-B7ED63910674}.Debug|Any CPU.ActiveCfg = Debug|Any CPU
		{223B032F-A47F-4790-81A6-B7ED63910674}.Debug|Any CPU.Build.0 = Debug|Any CPU
		{223B032F-A47F-4790-81A6-B7ED63910674}.Debug|ARM.ActiveCfg = Debug|Any CPU
		{223B032F-A47F-4790-81A6-B7ED63910674}.Debug|ARM.Build.0 = Debug|Any CPU
		{223B032F-A47F-4790-81A6-B7ED63910674}.Debug|ARM64.ActiveCfg = Debug|Any CPU
		{223B032F-A47F-4790-81A6-B7ED63910674}.Debug|ARM64.Build.0 = Debug|Any CPU
		{223B032F-A47F-4790-81A6-B7ED63910674}.Debug|x64.ActiveCfg = Debug|Any CPU
		{223B032F-A47F-4790-81A6-B7ED63910674}.Debug|x64.Build.0 = Debug|Any CPU
		{223B032F-A47F-4790-81A6-B7ED63910674}.Debug|x86.ActiveCfg = Debug|Any CPU
		{223B032F-A47F-4790-81A6-B7ED63910674}.Debug|x86.Build.0 = Debug|Any CPU
		{223B032F-A47F-4790-81A6-B7ED63910674}.Release|Any CPU.ActiveCfg = Release|Any CPU
		{223B032F-A47F-4790-81A6-B7ED63910674}.Release|Any CPU.Build.0 = Release|Any CPU
		{223B032F-A47F-4790-81A6-B7ED63910674}.Release|ARM.ActiveCfg = Release|Any CPU
		{223B032F-A47F-4790-81A6-B7ED63910674}.Release|ARM.Build.0 = Release|Any CPU
		{223B032F-A47F-4790-81A6-B7ED63910674}.Release|ARM64.ActiveCfg = Release|Any CPU
		{223B032F-A47F-4790-81A6-B7ED63910674}.Release|ARM64.Build.0 = Release|Any CPU
		{223B032F-A47F-4790-81A6-B7ED63910674}.Release|x64.ActiveCfg = Release|Any CPU
		{223B032F-A47F-4790-81A6-B7ED63910674}.Release|x64.Build.0 = Release|Any CPU
		{223B032F-A47F-4790-81A6-B7ED63910674}.Release|x86.ActiveCfg = Release|Any CPU
		{223B032F-A47F-4790-81A6-B7ED63910674}.Release|x86.Build.0 = Release|Any CPU
		{ECB5A4B6-C894-4829-931A-AD8028DFD523}.Debug|Any CPU.ActiveCfg = Debug|x86
		{ECB5A4B6-C894-4829-931A-AD8028DFD523}.Debug|ARM.ActiveCfg = Debug|ARM
		{ECB5A4B6-C894-4829-931A-AD8028DFD523}.Debug|ARM.Build.0 = Debug|ARM
		{ECB5A4B6-C894-4829-931A-AD8028DFD523}.Debug|ARM.Deploy.0 = Debug|ARM
		{ECB5A4B6-C894-4829-931A-AD8028DFD523}.Debug|ARM64.ActiveCfg = Debug|ARM64
		{ECB5A4B6-C894-4829-931A-AD8028DFD523}.Debug|ARM64.Build.0 = Debug|ARM64
		{ECB5A4B6-C894-4829-931A-AD8028DFD523}.Debug|ARM64.Deploy.0 = Debug|ARM64
		{ECB5A4B6-C894-4829-931A-AD8028DFD523}.Debug|x64.ActiveCfg = Debug|x64
		{ECB5A4B6-C894-4829-931A-AD8028DFD523}.Debug|x64.Build.0 = Debug|x64
		{ECB5A4B6-C894-4829-931A-AD8028DFD523}.Debug|x64.Deploy.0 = Debug|x64
		{ECB5A4B6-C894-4829-931A-AD8028DFD523}.Debug|x86.ActiveCfg = Debug|x86
		{ECB5A4B6-C894-4829-931A-AD8028DFD523}.Debug|x86.Build.0 = Debug|x86
		{ECB5A4B6-C894-4829-931A-AD8028DFD523}.Debug|x86.Deploy.0 = Debug|x86
		{ECB5A4B6-C894-4829-931A-AD8028DFD523}.Release|Any CPU.ActiveCfg = Release|x86
		{ECB5A4B6-C894-4829-931A-AD8028DFD523}.Release|ARM.ActiveCfg = Release|ARM
		{ECB5A4B6-C894-4829-931A-AD8028DFD523}.Release|ARM.Build.0 = Release|ARM
		{ECB5A4B6-C894-4829-931A-AD8028DFD523}.Release|ARM.Deploy.0 = Release|ARM
		{ECB5A4B6-C894-4829-931A-AD8028DFD523}.Release|ARM64.ActiveCfg = Release|ARM64
		{ECB5A4B6-C894-4829-931A-AD8028DFD523}.Release|ARM64.Build.0 = Release|ARM64
		{ECB5A4B6-C894-4829-931A-AD8028DFD523}.Release|ARM64.Deploy.0 = Release|ARM64
		{ECB5A4B6-C894-4829-931A-AD8028DFD523}.Release|x64.ActiveCfg = Release|x64
		{ECB5A4B6-C894-4829-931A-AD8028DFD523}.Release|x64.Build.0 = Release|x64
		{ECB5A4B6-C894-4829-931A-AD8028DFD523}.Release|x64.Deploy.0 = Release|x64
		{ECB5A4B6-C894-4829-931A-AD8028DFD523}.Release|x86.ActiveCfg = Release|x86
		{ECB5A4B6-C894-4829-931A-AD8028DFD523}.Release|x86.Build.0 = Release|x86
		{ECB5A4B6-C894-4829-931A-AD8028DFD523}.Release|x86.Deploy.0 = Release|x86
		{1DE3B93B-1882-4500-86F1-F4B278F6E1FF}.Debug|Any CPU.ActiveCfg = Debug|Any CPU
		{1DE3B93B-1882-4500-86F1-F4B278F6E1FF}.Debug|Any CPU.Build.0 = Debug|Any CPU
		{1DE3B93B-1882-4500-86F1-F4B278F6E1FF}.Debug|Any CPU.Deploy.0 = Debug|Any CPU
		{1DE3B93B-1882-4500-86F1-F4B278F6E1FF}.Debug|ARM.ActiveCfg = Debug|Any CPU
		{1DE3B93B-1882-4500-86F1-F4B278F6E1FF}.Debug|ARM.Build.0 = Debug|Any CPU
		{1DE3B93B-1882-4500-86F1-F4B278F6E1FF}.Debug|ARM.Deploy.0 = Debug|Any CPU
		{1DE3B93B-1882-4500-86F1-F4B278F6E1FF}.Debug|ARM64.ActiveCfg = Debug|Any CPU
		{1DE3B93B-1882-4500-86F1-F4B278F6E1FF}.Debug|ARM64.Build.0 = Debug|Any CPU
		{1DE3B93B-1882-4500-86F1-F4B278F6E1FF}.Debug|ARM64.Deploy.0 = Debug|Any CPU
		{1DE3B93B-1882-4500-86F1-F4B278F6E1FF}.Debug|x64.ActiveCfg = Debug|Any CPU
		{1DE3B93B-1882-4500-86F1-F4B278F6E1FF}.Debug|x64.Build.0 = Debug|Any CPU
		{1DE3B93B-1882-4500-86F1-F4B278F6E1FF}.Debug|x64.Deploy.0 = Debug|Any CPU
		{1DE3B93B-1882-4500-86F1-F4B278F6E1FF}.Debug|x86.ActiveCfg = Debug|Any CPU
		{1DE3B93B-1882-4500-86F1-F4B278F6E1FF}.Debug|x86.Build.0 = Debug|Any CPU
		{1DE3B93B-1882-4500-86F1-F4B278F6E1FF}.Debug|x86.Deploy.0 = Debug|Any CPU
		{1DE3B93B-1882-4500-86F1-F4B278F6E1FF}.Release|Any CPU.ActiveCfg = Release|Any CPU
		{1DE3B93B-1882-4500-86F1-F4B278F6E1FF}.Release|Any CPU.Build.0 = Release|Any CPU
		{1DE3B93B-1882-4500-86F1-F4B278F6E1FF}.Release|Any CPU.Deploy.0 = Release|Any CPU
		{1DE3B93B-1882-4500-86F1-F4B278F6E1FF}.Release|ARM.ActiveCfg = Release|Any CPU
		{1DE3B93B-1882-4500-86F1-F4B278F6E1FF}.Release|ARM.Build.0 = Release|Any CPU
		{1DE3B93B-1882-4500-86F1-F4B278F6E1FF}.Release|ARM.Deploy.0 = Release|Any CPU
		{1DE3B93B-1882-4500-86F1-F4B278F6E1FF}.Release|ARM64.ActiveCfg = Release|Any CPU
		{1DE3B93B-1882-4500-86F1-F4B278F6E1FF}.Release|ARM64.Build.0 = Release|Any CPU
		{1DE3B93B-1882-4500-86F1-F4B278F6E1FF}.Release|ARM64.Deploy.0 = Release|Any CPU
		{1DE3B93B-1882-4500-86F1-F4B278F6E1FF}.Release|x64.ActiveCfg = Release|Any CPU
		{1DE3B93B-1882-4500-86F1-F4B278F6E1FF}.Release|x64.Build.0 = Release|Any CPU
		{1DE3B93B-1882-4500-86F1-F4B278F6E1FF}.Release|x64.Deploy.0 = Release|Any CPU
		{1DE3B93B-1882-4500-86F1-F4B278F6E1FF}.Release|x86.ActiveCfg = Release|Any CPU
		{1DE3B93B-1882-4500-86F1-F4B278F6E1FF}.Release|x86.Build.0 = Release|Any CPU
		{1DE3B93B-1882-4500-86F1-F4B278F6E1FF}.Release|x86.Deploy.0 = Release|Any CPU
		{5A97B95D-7ACE-40F7-AABC-82AC295F6CBD}.Debug|Any CPU.ActiveCfg = Debug|Any CPU
		{5A97B95D-7ACE-40F7-AABC-82AC295F6CBD}.Debug|Any CPU.Build.0 = Debug|Any CPU
		{5A97B95D-7ACE-40F7-AABC-82AC295F6CBD}.Debug|ARM.ActiveCfg = Debug|Any CPU
		{5A97B95D-7ACE-40F7-AABC-82AC295F6CBD}.Debug|ARM.Build.0 = Debug|Any CPU
		{5A97B95D-7ACE-40F7-AABC-82AC295F6CBD}.Debug|ARM64.ActiveCfg = Debug|Any CPU
		{5A97B95D-7ACE-40F7-AABC-82AC295F6CBD}.Debug|ARM64.Build.0 = Debug|Any CPU
		{5A97B95D-7ACE-40F7-AABC-82AC295F6CBD}.Debug|x64.ActiveCfg = Debug|Any CPU
		{5A97B95D-7ACE-40F7-AABC-82AC295F6CBD}.Debug|x64.Build.0 = Debug|Any CPU
		{5A97B95D-7ACE-40F7-AABC-82AC295F6CBD}.Debug|x86.ActiveCfg = Debug|Any CPU
		{5A97B95D-7ACE-40F7-AABC-82AC295F6CBD}.Debug|x86.Build.0 = Debug|Any CPU
		{5A97B95D-7ACE-40F7-AABC-82AC295F6CBD}.Release|Any CPU.ActiveCfg = Release|Any CPU
		{5A97B95D-7ACE-40F7-AABC-82AC295F6CBD}.Release|Any CPU.Build.0 = Release|Any CPU
		{5A97B95D-7ACE-40F7-AABC-82AC295F6CBD}.Release|ARM.ActiveCfg = Release|Any CPU
		{5A97B95D-7ACE-40F7-AABC-82AC295F6CBD}.Release|ARM.Build.0 = Release|Any CPU
		{5A97B95D-7ACE-40F7-AABC-82AC295F6CBD}.Release|ARM64.ActiveCfg = Release|Any CPU
		{5A97B95D-7ACE-40F7-AABC-82AC295F6CBD}.Release|ARM64.Build.0 = Release|Any CPU
		{5A97B95D-7ACE-40F7-AABC-82AC295F6CBD}.Release|x64.ActiveCfg = Release|Any CPU
		{5A97B95D-7ACE-40F7-AABC-82AC295F6CBD}.Release|x64.Build.0 = Release|Any CPU
		{5A97B95D-7ACE-40F7-AABC-82AC295F6CBD}.Release|x86.ActiveCfg = Release|Any CPU
		{5A97B95D-7ACE-40F7-AABC-82AC295F6CBD}.Release|x86.Build.0 = Release|Any CPU
		{76F1D213-536E-44AA-8706-475FD6AD32A9}.Debug|Any CPU.ActiveCfg = Debug|Any CPU
		{76F1D213-536E-44AA-8706-475FD6AD32A9}.Debug|Any CPU.Build.0 = Debug|Any CPU
		{76F1D213-536E-44AA-8706-475FD6AD32A9}.Debug|ARM.ActiveCfg = Debug|Any CPU
		{76F1D213-536E-44AA-8706-475FD6AD32A9}.Debug|ARM.Build.0 = Debug|Any CPU
		{76F1D213-536E-44AA-8706-475FD6AD32A9}.Debug|ARM64.ActiveCfg = Debug|Any CPU
		{76F1D213-536E-44AA-8706-475FD6AD32A9}.Debug|ARM64.Build.0 = Debug|Any CPU
		{76F1D213-536E-44AA-8706-475FD6AD32A9}.Debug|x64.ActiveCfg = Debug|Any CPU
		{76F1D213-536E-44AA-8706-475FD6AD32A9}.Debug|x64.Build.0 = Debug|Any CPU
		{76F1D213-536E-44AA-8706-475FD6AD32A9}.Debug|x86.ActiveCfg = Debug|Any CPU
		{76F1D213-536E-44AA-8706-475FD6AD32A9}.Debug|x86.Build.0 = Debug|Any CPU
		{76F1D213-536E-44AA-8706-475FD6AD32A9}.Release|Any CPU.ActiveCfg = Release|Any CPU
		{76F1D213-536E-44AA-8706-475FD6AD32A9}.Release|Any CPU.Build.0 = Release|Any CPU
		{76F1D213-536E-44AA-8706-475FD6AD32A9}.Release|ARM.ActiveCfg = Release|Any CPU
		{76F1D213-536E-44AA-8706-475FD6AD32A9}.Release|ARM.Build.0 = Release|Any CPU
		{76F1D213-536E-44AA-8706-475FD6AD32A9}.Release|ARM64.ActiveCfg = Release|Any CPU
		{76F1D213-536E-44AA-8706-475FD6AD32A9}.Release|ARM64.Build.0 = Release|Any CPU
		{76F1D213-536E-44AA-8706-475FD6AD32A9}.Release|x64.ActiveCfg = Release|Any CPU
		{76F1D213-536E-44AA-8706-475FD6AD32A9}.Release|x64.Build.0 = Release|Any CPU
		{76F1D213-536E-44AA-8706-475FD6AD32A9}.Release|x86.ActiveCfg = Release|Any CPU
		{76F1D213-536E-44AA-8706-475FD6AD32A9}.Release|x86.Build.0 = Release|Any CPU
	EndGlobalSection
	GlobalSection(SolutionProperties) = preSolution
		HideSolutionNode = FALSE
	EndGlobalSection
	GlobalSection(NestedProjects) = preSolution
		{10883185-E10C-4FFE-9FE3-B54AB871D7EB} = {0A69B0E4-1ED8-4A6E-82CD-C62F9FA60853}
		{ECB5A4B6-C894-4829-931A-AD8028DFD523} = {6777A93E-D913-46D8-B7A2-42B3DFEA3510}
		{1DE3B93B-1882-4500-86F1-F4B278F6E1FF} = {6777A93E-D913-46D8-B7A2-42B3DFEA3510}
		{5A97B95D-7ACE-40F7-AABC-82AC295F6CBD} = {6777A93E-D913-46D8-B7A2-42B3DFEA3510}
		{76F1D213-536E-44AA-8706-475FD6AD32A9} = {0A69B0E4-1ED8-4A6E-82CD-C62F9FA60853}
	EndGlobalSection
	GlobalSection(ExtensibilityGlobals) = postSolution
		SolutionGuid = {B14D4A61-1717-470C-B5BC-C5C01839FD9E}
	EndGlobalSection
EndGlobal
